
Microsoft Visual Studio Solution File, Format Version 12.00
# Visual Studio Version 17
VisualStudioVersion = 17.5.33530.505
MinimumVisualStudioVersion = 10.0.40219.1
Project("{2150E333-8FDC-42A3-9474-1A3956D46DE8}") = "src", "src", "{E8067AED-2B6E-4134-AAF8-9101457D709A}"
EndProject
Project("{2150E333-8FDC-42A3-9474-1A3956D46DE8}") = "test", "test", "{164094C6-9776-4C4A-BF53-DDB75DCAC88E}"
EndProject
Project("{FAE04EC0-301F-11D3-BF4B-00C04F79EFBC}") = "Kx.Kit.Codex", "src\Kx.Kit.Codex\Kx.Kit.Codex.csproj", "{AC515752-EF90-4FE1-A01C-FD8A80F0367A}"
EndProject
Project("{FAE04EC0-301F-11D3-BF4B-00C04F79EFBC}") = "Kx.Kit.Codex.Console", "src\Kx.Kit.Codex.Console\Kx.Kit.Codex.Console.csproj", "{77341FE2-D788-48D1-8D6E-3132FD80AB3E}"
EndProject
Project("{FAE04EC0-301F-11D3-BF4B-00C04F79EFBC}") = "Kx.Kit.Codex.Generator", "src\Kx.Kit.Codex.Generator\Kx.Kit.Codex.Generator.csproj", "{C71DB0C4-34B1-4679-9DFC-48154FC0FDB2}"
EndProject
Global
	GlobalSection(SolutionConfigurationPlatforms) = preSolution
		Debug|Any CPU = Debug|Any CPU
		Release|Any CPU = Release|Any CPU
	EndGlobalSection
	GlobalSection(ProjectConfigurationPlatforms) = postSolution
		{AC515752-EF90-4FE1-A01C-FD8A80F0367A}.Debug|Any CPU.ActiveCfg = Debug|Any CPU
		{AC515752-EF90-4FE1-A01C-FD8A80F0367A}.Debug|Any CPU.Build.0 = Debug|Any CPU
		{AC515752-EF90-4FE1-A01C-FD8A80F0367A}.Release|Any CPU.ActiveCfg = Release|Any CPU
		{AC515752-EF90-4FE1-A01C-FD8A80F0367A}.Release|Any CPU.Build.0 = Release|Any CPU
		{77341FE2-D788-48D1-8D6E-3132FD80AB3E}.Debug|Any CPU.ActiveCfg = Debug|Any CPU
		{77341FE2-D788-48D1-8D6E-3132FD80AB3E}.Debug|Any CPU.Build.0 = Debug|Any CPU
		{77341FE2-D788-48D1-8D6E-3132FD80AB3E}.Release|Any CPU.ActiveCfg = Release|Any CPU
		{77341FE2-D788-48D1-8D6E-3132FD80AB3E}.Release|Any CPU.Build.0 = Release|Any CPU
		{C71DB0C4-34B1-4679-9DFC-48154FC0FDB2}.Debug|Any CPU.ActiveCfg = Debug|Any CPU
		{C71DB0C4-34B1-4679-9DFC-48154FC0FDB2}.Debug|Any CPU.Build.0 = Debug|Any CPU
		{C71DB0C4-34B1-4679-9DFC-48154FC0FDB2}.Release|Any CPU.ActiveCfg = Release|Any CPU
		{C71DB0C4-34B1-4679-9DFC-48154FC0FDB2}.Release|Any CPU.Build.0 = Release|Any CPU
	EndGlobalSection
	GlobalSection(SolutionProperties) = preSolution
		HideSolutionNode = FALSE
	EndGlobalSection
	GlobalSection(NestedProjects) = preSolution
	EndGlobalSection
	GlobalSection(ExtensibilityGlobals) = postSolution
		SolutionGuid = {4DEA6A04-C1D5-496E-A41E-000735AFAEB2}
	EndGlobalSection
EndGlobal
